
Microsoft Visual Studio Solution File, Format Version 12.00
# Visual Studio Version 17
VisualStudioVersion = 17.2.32519.379
MinimumVisualStudioVersion = 10.0.40219.1
Project("{FAE04EC0-301F-11D3-BF4B-00C04F79EFBC}") = "PROJETO_CALCULADORA", "PROJETO_CALCULADORA.csproj", "{26649A8C-F352-435D-A23A-630819A9D415}"
EndProject
Global
	GlobalSection(SolutionConfigurationPlatforms) = preSolution
		Debug|Any CPU = Debug|Any CPU
		Release|Any CPU = Release|Any CPU
	EndGlobalSection
	GlobalSection(ProjectConfigurationPlatforms) = postSolution
		{26649A8C-F352-435D-A23A-630819A9D415}.Debug|Any CPU.ActiveCfg = Debug|Any CPU
		{26649A8C-F352-435D-A23A-630819A9D415}.Debug|Any CPU.Build.0 = Debug|Any CPU
		{26649A8C-F352-435D-A23A-630819A9D415}.Release|Any CPU.ActiveCfg = Release|Any CPU
		{26649A8C-F352-435D-A23A-630819A9D415}.Release|Any CPU.Build.0 = Release|Any CPU
	EndGlobalSection
	GlobalSection(SolutionProperties) = preSolution
		HideSolutionNode = FALSE
	EndGlobalSection
	GlobalSection(ExtensibilityGlobals) = postSolution
		SolutionGuid = {860BC1A5-93F3-4F73-8E30-A284FEC20431}
	EndGlobalSection
EndGlobal
